{
  "name": "foofsmsserver",
  "version": "1.0.0",
  "lockfileVersion": 1,
  "requires": true,
  "dependencies": {
    "crypto-js": {
      "version": "3.1.9-1",
      "resolved": "https://registry.npmjs.org/crypto-js/-/crypto-js-3.1.9-1.tgz",
      "integrity": "sha1-/aGedh/Ad+Af+/3G6f38WeiAbNg="
    },
    "qcloudsms_js": {
      "version": "0.1.1",
      "resolved": "https://registry.npmjs.org/qcloudsms_js/-/qcloudsms_js-0.1.1.tgz",
      "integrity": "sha512-ewdlD32XF0BkV5sGNCFHCR9FSf6fi6PijJGX1YkowFziycYUyoCThDWKM0aeZG6kSQ1y8qHHBYFhAl7JTSlhuQ=="
    }
  }
}
